
Microsoft Visual Studio Solution File, Format Version 12.00
# Visual Studio 15
VisualStudioVersion = 15.0.27004.2005
MinimumVisualStudioVersion = 10.0.40219.1
Project("{888888A0-9F3D-457C-B088-3A5042F75D52}") = "chessmodel", "chessmodel\chessmodel.pyproj", "{7F26423D-8B5D-45E3-B732-DD11C9EC1D14}"
EndProject
Project("{FAE04EC0-301F-11D3-BF4B-00C04F79EFBC}") = "UI", "UI\UI.csproj", "{6C813ED1-EEBD-446C-B907-711BCA7F1C5C}"
EndProject
Project("{8BC9CEB8-8B4A-11D0-8D11-00A0C91BC942}") = "engine", "engine\engine.vcxproj", "{27DB0979-5FAF-4E78-AA89-8583AFB18BD2}"
EndProject
Global
	GlobalSection(SolutionConfigurationPlatforms) = preSolution
		Debug|Any CPU = Debug|Any CPU
		Debug|x64 = Debug|x64
		Debug|x86 = Debug|x86
		Release|Any CPU = Release|Any CPU
		Release|x64 = Release|x64
		Release|x86 = Release|x86
	EndGlobalSection
	GlobalSection(ProjectConfigurationPlatforms) = postSolution
		{7F26423D-8B5D-45E3-B732-DD11C9EC1D14}.Debug|Any CPU.ActiveCfg = Debug|Any CPU
		{7F26423D-8B5D-45E3-B732-DD11C9EC1D14}.Debug|x64.ActiveCfg = Debug|Any CPU
		{7F26423D-8B5D-45E3-B732-DD11C9EC1D14}.Debug|x86.ActiveCfg = Debug|Any CPU
		{7F26423D-8B5D-45E3-B732-DD11C9EC1D14}.Release|Any CPU.ActiveCfg = Release|Any CPU
		{7F26423D-8B5D-45E3-B732-DD11C9EC1D14}.Release|x64.ActiveCfg = Release|Any CPU
		{7F26423D-8B5D-45E3-B732-DD11C9EC1D14}.Release|x86.ActiveCfg = Release|Any CPU
		{6C813ED1-EEBD-446C-B907-711BCA7F1C5C}.Debug|Any CPU.ActiveCfg = Debug|Any CPU
		{6C813ED1-EEBD-446C-B907-711BCA7F1C5C}.Debug|Any CPU.Build.0 = Debug|Any CPU
		{6C813ED1-EEBD-446C-B907-711BCA7F1C5C}.Debug|x64.ActiveCfg = Debug|Any CPU
		{6C813ED1-EEBD-446C-B907-711BCA7F1C5C}.Debug|x64.Build.0 = Debug|Any CPU
		{6C813ED1-EEBD-446C-B907-711BCA7F1C5C}.Debug|x86.ActiveCfg = Debug|Any CPU
		{6C813ED1-EEBD-446C-B907-711BCA7F1C5C}.Debug|x86.Build.0 = Debug|Any CPU
		{6C813ED1-EEBD-446C-B907-711BCA7F1C5C}.Release|Any CPU.ActiveCfg = Release|Any CPU
		{6C813ED1-EEBD-446C-B907-711BCA7F1C5C}.Release|Any CPU.Build.0 = Release|Any CPU
		{6C813ED1-EEBD-446C-B907-711BCA7F1C5C}.Release|x64.ActiveCfg = Release|Any CPU
		{6C813ED1-EEBD-446C-B907-711BCA7F1C5C}.Release|x64.Build.0 = Release|Any CPU
		{6C813ED1-EEBD-446C-B907-711BCA7F1C5C}.Release|x86.ActiveCfg = Release|Any CPU
		{6C813ED1-EEBD-446C-B907-711BCA7F1C5C}.Release|x86.Build.0 = Release|Any CPU
		{27DB0979-5FAF-4E78-AA89-8583AFB18BD2}.Debug|Any CPU.ActiveCfg = Debug|Win32
		{27DB0979-5FAF-4E78-AA89-8583AFB18BD2}.Debug|x64.ActiveCfg = Debug|x64
		{27DB0979-5FAF-4E78-AA89-8583AFB18BD2}.Debug|x64.Build.0 = Debug|x64
		{27DB0979-5FAF-4E78-AA89-8583AFB18BD2}.Debug|x86.ActiveCfg = Debug|Win32
		{27DB0979-5FAF-4E78-AA89-8583AFB18BD2}.Debug|x86.Build.0 = Debug|Win32
		{27DB0979-5FAF-4E78-AA89-8583AFB18BD2}.Release|Any CPU.ActiveCfg = Release|Win32
		{27DB0979-5FAF-4E78-AA89-8583AFB18BD2}.Release|x64.ActiveCfg = Release|x64
		{27DB0979-5FAF-4E78-AA89-8583AFB18BD2}.Release|x64.Build.0 = Release|x64
		{27DB0979-5FAF-4E78-AA89-8583AFB18BD2}.Release|x86.ActiveCfg = Release|Win32
		{27DB0979-5FAF-4E78-AA89-8583AFB18BD2}.Release|x86.Build.0 = Release|Win32
	EndGlobalSection
	GlobalSection(SolutionProperties) = preSolution
		HideSolutionNode = FALSE
	EndGlobalSection
	GlobalSection(ExtensibilityGlobals) = postSolution
		SolutionGuid = {038CB499-8FF2-4A36-B8CD-8D01F37CD543}
	EndGlobalSection
EndGlobal
